// !$*UTF8*$!
{
	archiveVersion = 1;
	classes = {
	};
	objectVersion = 46;
	objects = {

/* Begin PBXBuildFile section */
		22E0273B1B847EFC00532981 /* AppDelegate.swift in Sources */ = {isa = PBXBuildFile; fileRef = 22E0273A1B847EFC00532981 /* AppDelegate.swift */; };
		22E0273D1B847EFC00532981 /* ViewController.swift in Sources */ = {isa = PBXBuildFile; fileRef = 22E0273C1B847EFC00532981 /* ViewController.swift */; };
		22E027401B847EFC00532981 /* Main.storyboard in Resources */ = {isa = PBXBuildFile; fileRef = 22E0273E1B847EFC00532981 /* Main.storyboard */; };
		22E027421B847EFC00532981 /* Images.xcassets in Resources */ = {isa = PBXBuildFile; fileRef = 22E027411B847EFC00532981 /* Images.xcassets */; };
		22E027451B847EFC00532981 /* LaunchScreen.xib in Resources */ = {isa = PBXBuildFile; fileRef = 22E027431B847EFC00532981 /* LaunchScreen.xib */; };
		22E027511B847EFC00532981 /* SimpleVaavudIntegrationTests.swift in Sources */ = {isa = PBXBuildFile; fileRef = 22E027501B847EFC00532981 /* SimpleVaavudIntegrationTests.swift */; };
/* End PBXBuildFile section */

/* Begin PBXContainerItemProxy section */
		22E0274B1B847EFC00532981 /* PBXContainerItemProxy */ = {
			isa = PBXContainerItemProxy;
			containerPortal = 22E0272D1B847EFC00532981 /* Project object */;
			proxyType = 1;
			remoteGlobalIDString = 22E027341B847EFC00532981;
			remoteInfo = SimpleVaavudIntegration;
		};
/* End PBXContainerItemProxy section */

/* Begin PBXFileReference section */
		22E027351B847EFC00532981 /* SimpleVaavudIntegration.app */ = {isa = PBXFileReference; explicitFileType = wrapper.application; includeInIndex = 0; path = SimpleVaavudIntegration.app; sourceTree = BUILT_PRODUCTS_DIR; };
		22E027391B847EFC00532981 /* Info.plist */ = {isa = PBXFileReference; lastKnownFileType = text.plist.xml; path = Info.plist; sourceTree = "<group>"; };
		22E0273A1B847EFC00532981 /* AppDelegate.swift */ = {isa = PBXFileReference; lastKnownFileType = sourcecode.swift; path = AppDelegate.swift; sourceTree = "<group>"; };
		22E0273C1B847EFC00532981 /* ViewController.swift */ = {isa = PBXFileReference; lastKnownFileType = sourcecode.swift; path = ViewController.swift; sourceTree = "<group>"; };
		22E0273F1B847EFC00532981 /* Base */ = {isa = PBXFileReference; lastKnownFileType = file.storyboard; name = Base; path = Base.lproj/Main.storyboard; sourceTree = "<group>"; };
		22E027411B847EFC00532981 /* Images.xcassets */ = {isa = PBXFileReference; lastKnownFileType = folder.assetcatalog; path = Images.xcassets; sourceTree = "<group>"; };
		22E027441B847EFC00532981 /* Base */ = {isa = PBXFileReference; lastKnownFileType = file.xib; name = Base; path = Base.lproj/LaunchScreen.xib; sourceTree = "<group>"; };
		22E0274A1B847EFC00532981 /* SimpleVaavudIntegrationTests.xctest */ = {isa = PBXFileReference; explicitFileType = wrapper.cfbundle; includeInIndex = 0; path = SimpleVaavudIntegrationTests.xctest; sourceTree = BUILT_PRODUCTS_DIR; };
		22E0274F1B847EFC00532981 /* Info.plist */ = {isa = PBXFileReference; lastKnownFileType = text.plist.xml; path = Info.plist; sourceTree = "<group>"; };
		22E027501B847EFC00532981 /* SimpleVaavudIntegrationTests.swift */ = {isa = PBXFileReference; lastKnownFileType = sourcecode.swift; path = SimpleVaavudIntegrationTests.swift; sourceTree = "<group>"; };
/* End PBXFileReference section */

/* Begin PBXFrameworksBuildPhase section */
		22E027321B847EFC00532981 /* Frameworks */ = {
			isa = PBXFrameworksBuildPhase;
			buildActionMask = 2147483647;
			files = (
			);
			runOnlyForDeploymentPostprocessing = 0;
		};
		22E027471B847EFC00532981 /* Frameworks */ = {
			isa = PBXFrameworksBuildPhase;
			buildActionMask = 2147483647;
			files = (
			);
			runOnlyForDeploymentPostprocessing = 0;
		};
/* End PBXFrameworksBuildPhase section */

/* Begin PBXGroup section */
		22E0272C1B847EFC00532981 = {
			isa = PBXGroup;
			children = (
				22E027371B847EFC00532981 /* SimpleVaavudIntegration */,
				22E0274D1B847EFC00532981 /* SimpleVaavudIntegrationTests */,
				22E027361B847EFC00532981 /* Products */,
			);
			sourceTree = "<group>";
		};
		22E027361B847EFC00532981 /* Products */ = {
			isa = PBXGroup;
			children = (
				22E027351B847EFC00532981 /* SimpleVaavudIntegration.app */,
				22E0274A1B847EFC00532981 /* SimpleVaavudIntegrationTests.xctest */,
			);
			name = Products;
			sourceTree = "<group>";
		};
		22E027371B847EFC00532981 /* SimpleVaavudIntegration */ = {
			isa = PBXGroup;
			children = (
				22E0273A1B847EFC00532981 /* AppDelegate.swift */,
				22E0273C1B847EFC00532981 /* ViewController.swift */,
				22E0273E1B847EFC00532981 /* Main.storyboard */,
				22E027411B847EFC00532981 /* Images.xcassets */,
				22E027431B847EFC00532981 /* LaunchScreen.xib */,
				22E027381B847EFC00532981 /* Supporting Files */,
			);
			path = SimpleVaavudIntegration;
			sourceTree = "<group>";
		};
		22E027381B847EFC00532981 /* Supporting Files */ = {
			isa = PBXGroup;
			children = (
				22E027391B847EFC00532981 /* Info.plist */,
			);
			name = "Supporting Files";
			sourceTree = "<group>";
		};
		22E0274D1B847EFC00532981 /* SimpleVaavudIntegrationTests */ = {
			isa = PBXGroup;
			children = (
				22E027501B847EFC00532981 /* SimpleVaavudIntegrationTests.swift */,
				22E0274E1B847EFC00532981 /* Supporting Files */,
			);
			path = SimpleVaavudIntegrationTests;
			sourceTree = "<group>";
		};
		22E0274E1B847EFC00532981 /* Supporting Files */ = {
			isa = PBXGroup;
			children = (
				22E0274F1B847EFC00532981 /* Info.plist */,
			);
			name = "Supporting Files";
			sourceTree = "<group>";
		};
/* End PBXGroup section */

/* Begin PBXNativeTarget section */
		22E027341B847EFC00532981 /* SimpleVaavudIntegration */ = {
			isa = PBXNativeTarget;
			buildConfigurationList = 22E027541B847EFC00532981 /* Build configuration list for PBXNativeTarget "SimpleVaavudIntegration" */;
			buildPhases = (
				22E027311B847EFC00532981 /* Sources */,
				22E027321B847EFC00532981 /* Frameworks */,
				22E027331B847EFC00532981 /* Resources */,
			);
			buildRules = (
			);
			dependencies = (
			);
			name = SimpleVaavudIntegration;
			productName = SimpleVaavudIntegration;
			productReference = 22E027351B847EFC00532981 /* SimpleVaavudIntegration.app */;
			productType = "com.apple.product-type.application";
		};
		22E027491B847EFC00532981 /* SimpleVaavudIntegrationTests */ = {
			isa = PBXNativeTarget;
			buildConfigurationList = 22E027571B847EFC00532981 /* Build configuration list for PBXNativeTarget "SimpleVaavudIntegrationTests" */;
			buildPhases = (
				22E027461B847EFC00532981 /* Sources */,
				22E027471B847EFC00532981 /* Frameworks */,
				22E027481B847EFC00532981 /* Resources */,
			);
			buildRules = (
			);
			dependencies = (
				22E0274C1B847EFC00532981 /* PBXTargetDependency */,
			);
			name = SimpleVaavudIntegrationTests;
			productName = SimpleVaavudIntegrationTests;
			productReference = 22E0274A1B847EFC00532981 /* SimpleVaavudIntegrationTests.xctest */;
			productType = "com.apple.product-type.bundle.unit-test";
		};
/* End PBXNativeTarget section */

/* Begin PBXProject section */
		22E0272D1B847EFC00532981 /* Project object */ = {
			isa = PBXProject;
			attributes = {
				LastSwiftMigration = 0700;
				LastSwiftUpdateCheck = 0700;
				LastUpgradeCheck = 0640;
				ORGANIZATIONNAME = Vaavud;
				TargetAttributes = {
					22E027341B847EFC00532981 = {
						CreatedOnToolsVersion = 6.4;
					};
					22E027491B847EFC00532981 = {
						CreatedOnToolsVersion = 6.4;
						TestTargetID = 22E027341B847EFC00532981;
					};
				};
			};
			buildConfigurationList = 22E027301B847EFC00532981 /* Build configuration list for PBXProject "SimpleVaavudIntegration" */;
			compatibilityVersion = "Xcode 3.2";
			developmentRegion = English;
			hasScannedForEncodings = 0;
			knownRegions = (
				en,
				Base,
			);
			mainGroup = 22E0272C1B847EFC00532981;
			productRefGroup = 22E027361B847EFC00532981 /* Products */;
			projectDirPath = "";
			projectRoot = "";
			targets = (
				22E027341B847EFC00532981 /* SimpleVaavudIntegration */,
				22E027491B847EFC00532981 /* SimpleVaavudIntegrationTests */,
			);
		};
/* End PBXProject section */

/* Begin PBXResourcesBuildPhase section */
		22E027331B847EFC00532981 /* Resources */ = {
			isa = PBXResourcesBuildPhase;
			buildActionMask = 2147483647;
			files = (
				22E027401B847EFC00532981 /* Main.storyboard in Resources */,
				22E027451B847EFC00532981 /* LaunchScreen.xib in Resources */,
				22E027421B847EFC00532981 /* Images.xcassets in Resources */,
			);
			runOnlyForDeploymentPostprocessing = 0;
		};
		22E027481B847EFC00532981 /* Resources */ = {
			isa = PBXResourcesBuildPhase;
			buildActionMask = 2147483647;
			files = (
			);
			runOnlyForDeploymentPostprocessing = 0;
		};
/* End PBXResourcesBuildPhase section */

/* Begin PBXSourcesBuildPhase section */
		22E027311B847EFC00532981 /* Sources */ = {
			isa = PBXSourcesBuildPhase;
			buildActionMask = 2147483647;
			files = (
				22E0273D1B847EFC00532981 /* ViewController.swift in Sources */,
				22E0273B1B847EFC00532981 /* AppDelegate.swift in Sources */,
			);
			runOnlyForDeploymentPostprocessing = 0;
		};
		22E027461B847EFC00532981 /* Sources */ = {
			isa = PBXSourcesBuildPhase;
			buildActionMask = 2147483647;
			files = (
				22E027511B847EFC00532981 /* SimpleVaavudIntegrationTests.swift in Sources */,
			);
			runOnlyForDeploymentPostprocessing = 0;
		};
/* End PBXSourcesBuildPhase section */

/* Begin PBXTargetDependency section */
		22E0274C1B847EFC00532981 /* PBXTargetDependency */ = {
			isa = PBXTargetDependency;
			target = 22E027341B847EFC00532981 /* SimpleVaavudIntegration */;
			targetProxy = 22E0274B1B847EFC00532981 /* PBXContainerItemProxy */;
		};
/* End PBXTargetDependency section */

/* Begin PBXVariantGroup section */
		22E0273E1B847EFC00532981 /* Main.storyboard */ = {
			isa = PBXVariantGroup;
			children = (
				22E0273F1B847EFC00532981 /* Base */,
			);
			name = Main.storyboard;
			sourceTree = "<group>";
		};
		22E027431B847EFC00532981 /* LaunchScreen.xib */ = {
			isa = PBXVariantGroup;
			children = (
				22E027441B847EFC00532981 /* Base */,
			);
			name = LaunchScreen.xib;
			sourceTree = "<group>";
		};
/* End PBXVariantGroup section */

/* Begin XCBuildConfiguration section */
		22E027521B847EFC00532981 /* Debug */ = {
			isa = XCBuildConfiguration;
			buildSettings = {
				ALWAYS_SEARCH_USER_PATHS = NO;
				CLANG_CXX_LANGUAGE_STANDARD = "gnu++0x";
				CLANG_CXX_LIBRARY = "libc++";
				CLANG_ENABLE_MODULES = YES;
				CLANG_ENABLE_OBJC_ARC = YES;
				CLANG_WARN_BOOL_CONVERSION = YES;
				CLANG_WARN_CONSTANT_CONVERSION = YES;
				CLANG_WARN_DIRECT_OBJC_ISA_USAGE = YES_ERROR;
				CLANG_WARN_EMPTY_BODY = YES;
				CLANG_WARN_ENUM_CONVERSION = YES;
				CLANG_WARN_INT_CONVERSION = YES;
				CLANG_WARN_OBJC_ROOT_CLASS = YES_ERROR;
				CLANG_WARN_UNREACHABLE_CODE = YES;
				CLANG_WARN__DUPLICATE_METHOD_MATCH = YES;
				"CODE_SIGN_IDENTITY[sdk=iphoneos*]" = "iPhone Developer";
				COPY_PHASE_STRIP = NO;
				DEBUG_INFORMATION_FORMAT = "dwarf-with-dsym";
				ENABLE_STRICT_OBJC_MSGSEND = YES;
				GCC_C_LANGUAGE_STANDARD = gnu99;
				GCC_DYNAMIC_NO_PIC = NO;
				GCC_NO_COMMON_BLOCKS = YES;
				GCC_OPTIMIZATION_LEVEL = 0;
				GCC_PREPROCESSOR_DEFINITIONS = (
					"DEBUG=1",
					"$(inherited)",
				);
				GCC_SYMBOLS_PRIVATE_EXTERN = NO;
				GCC_WARN_64_TO_32_BIT_CONVERSION = YES;
				GCC_WARN_ABOUT_RETURN_TYPE = YES_ERROR;
				GCC_WARN_UNDECLARED_SELECTOR = YES;
				GCC_WARN_UNINITIALIZED_AUTOS = YES_AGGRESSIVE;
				GCC_WARN_UNUSED_FUNCTION = YES;
				GCC_WARN_UNUSED_VARIABLE = YES;
				IPHONEOS_DEPLOYMENT_TARGET = 8.4;
				MTL_ENABLE_DEBUG_INFO = YES;
				ONLY_ACTIVE_ARCH = YES;
				SDKROOT = iphoneos;
				SWIFT_OPTIMIZATION_LEVEL = "-Onone";
				TARGETED_DEVICE_FAMILY = "1,2";
			};
			name = Debug;
		};
		22E027531B847EFC00532981 /* Release */ = {
			isa = XCBuildConfiguration;
			buildSettings = {
				ALWAYS_SEARCH_USER_PATHS = NO;
				CLANG_CXX_LANGUAGE_STANDARD = "gnu++0x";
				CLANG_CXX_LIBRARY = "libc++";
				CLANG_ENABLE_MODULES = YES;
				CLANG_ENABLE_OBJC_ARC = YES;
				CLANG_WARN_BOOL_CONVERSION = YES;
				CLANG_WARN_CONSTANT_CONVERSION = YES;
				CLANG_WARN_DIRECT_OBJC_ISA_USAGE = YES_ERROR;
				CLANG_WARN_EMPTY_BODY = YES;
				CLANG_WARN_ENUM_CONVERSION = YES;
				CLANG_WARN_INT_CONVERSION = YES;
				CLANG_WARN_OBJC_ROOT_CLASS = YES_ERROR;
				CLANG_WARN_UNREACHABLE_CODE = YES;
				CLANG_WARN__DUPLICATE_METHOD_MATCH = YES;
				"CODE_SIGN_IDENTITY[sdk=iphoneos*]" = "iPhone Developer";
				COPY_PHASE_STRIP = NO;
				DEBUG_INFORMATION_FORMAT = "dwarf-with-dsym";
				ENABLE_NS_ASSERTIONS = NO;
				ENABLE_STRICT_OBJC_MSGSEND = YES;
				GCC_C_LANGUAGE_STANDARD = gnu99;
				GCC_NO_COMMON_BLOCKS = YES;
				GCC_WARN_64_TO_32_BIT_CONVERSION = YES;
				GCC_WARN_ABOUT_RETURN_TYPE = YES_ERROR;
				GCC_WARN_UNDECLARED_SELECTOR = YES;
				GCC_WARN_UNINITIALIZED_AUTOS = YES_AGGRESSIVE;
				GCC_WARN_UNUSED_FUNCTION = YES;
				GCC_WARN_UNUSED_VARIABLE = YES;
				IPHONEOS_DEPLOYMENT_TARGET = 8.4;
				MTL_ENABLE_DEBUG_INFO = NO;
				SDKROOT = iphoneos;
				TARGETED_DEVICE_FAMILY = "1,2";
				VALIDATE_PRODUCT = YES;
			};
			name = Release;
		};
		22E027551B847EFC00532981 /* Debug */ = {
			isa = XCBuildConfiguration;
			buildSettings = {
				ASSETCATALOG_COMPILER_APPICON_NAME = AppIcon;
				INFOPLIST_FILE = SimpleVaavudIntegration/Info.plist;
				LD_RUNPATH_SEARCH_PATHS = "$(inherited) @executable_path/Frameworks";
				PRODUCT_NAME = "$(TARGET_NAME)";
			};
			name = Debug;
		};
		22E027561B847EFC00532981 /* Release */ = {
			isa = XCBuildConfiguration;
			buildSettings = {
				ASSETCATALOG_COMPILER_APPICON_NAME = AppIcon;
				INFOPLIST_FILE = SimpleVaavudIntegration/Info.plist;
				LD_RUNPATH_SEARCH_PATHS = "$(inherited) @executable_path/Frameworks";
				PRODUCT_NAME = "$(TARGET_NAME)";
			};
			name = Release;
		};
		22E027581B847EFC00532981 /* Debug */ = {
			isa = XCBuildConfiguration;
			buildSettings = {
				BUNDLE_LOADER = "$(TEST_HOST)";
				FRAMEWORK_SEARCH_PATHS = (
					"$(SDKROOT)/Developer/Library/Frameworks",
					"$(inherited)",
				);
				GCC_PREPROCESSOR_DEFINITIONS = (
					"DEBUG=1",
					"$(inherited)",
				);
				INFOPLIST_FILE = SimpleVaavudIntegrationTests/Info.plist;
				LD_RUNPATH_SEARCH_PATHS = "$(inherited) @executable_path/Frameworks @loader_path/Frameworks";
				PRODUCT_NAME = "$(TARGET_NAME)";
				TEST_HOST = "$(BUILT_PRODUCTS_DIR)/SimpleVaavudIntegration.app/SimpleVaavudIntegration";
			};
			name = Debug;
		};
		22E027591B847EFC00532981 /* Release */ = {
			isa = XCBuildConfiguration;
			buildSettings = {
				BUNDLE_LOADER = "$(TEST_HOST)";
				FRAMEWORK_SEARCH_PATHS = (
					"$(SDKROOT)/Developer/Library/Frameworks",
					"$(inherited)",
				);
				INFOPLIST_FILE = SimpleVaavudIntegrationTests/Info.plist;
				LD_RUNPATH_SEARCH_PATHS = "$(inherited) @executable_path/Frameworks @loader_path/Frameworks";
				PRODUCT_NAME = "$(TARGET_NAME)";
				TEST_HOST = "$(BUILT_PRODUCTS_DIR)/SimpleVaavudIntegration.app/SimpleVaavudIntegration";
			};
			name = Release;
		};
/* End XCBuildConfiguration section */

/* Begin XCConfigurationList section */
		22E027301B847EFC00532981 /* Build configuration list for PBXProject "SimpleVaavudIntegration" */ = {
			isa = XCConfigurationList;
			buildConfigurations = (
				22E027521B847EFC00532981 /* Debug */,
				22E027531B847EFC00532981 /* Release */,
			);
			defaultConfigurationIsVisible = 0;
			defaultConfigurationName = Release;
		};
		22E027541B847EFC00532981 /* Build configuration list for PBXNativeTarget "SimpleVaavudIntegration" */ = {
			isa = XCConfigurationList;
			buildConfigurations = (
				22E027551B847EFC00532981 /* Debug */,
				22E027561B847EFC00532981 /* Release */,
			);
			defaultConfigurationIsVisible = 0;
			defaultConfigurationName = Release;
		};
		22E027571B847EFC00532981 /* Build configuration list for PBXNativeTarget "SimpleVaavudIntegrationTests" */ = {
			isa = XCConfigurationList;
			buildConfigurations = (
				22E027581B847EFC00532981 /* Debug */,
				22E027591B847EFC00532981 /* Release */,
			);
			defaultConfigurationIsVisible = 0;
			defaultConfigurationName = Release;
		};
/* End XCConfigurationList section */
	};
	rootObject = 22E0272D1B847EFC00532981 /* Project object */;
}
